// !$*UTF8*$!
{
	archiveVersion = 1;
	classes = {
	};
	objectVersion = 46;
	objects = {

/* Begin PBXBuildFile section */
		D319D05C1B91578A00D0AC51 /* main.m in Sources */ = {isa = PBXBuildFile; fileRef = D319D05B1B91578A00D0AC51 /* main.m */; };
		D319D05F1B91578A00D0AC51 /* AppDelegate.m in Sources */ = {isa = PBXBuildFile; fileRef = D319D05E1B91578A00D0AC51 /* AppDelegate.m */; };
		D319D0621B91578A00D0AC51 /* GameViewController.m in Sources */ = {isa = PBXBuildFile; fileRef = D319D0611B91578A00D0AC51 /* GameViewController.m */; };
		D319D0651B91578A00D0AC51 /* Main.storyboard in Resources */ = {isa = PBXBuildFile; fileRef = D319D0631B91578A00D0AC51 /* Main.storyboard */; };
		D319D0671B91578A00D0AC51 /* Images.xcassets in Resources */ = {isa = PBXBuildFile; fileRef = D319D0661B91578A00D0AC51 /* Images.xcassets */; };
		D319D06A1B91578A00D0AC51 /* LaunchScreen.xib in Resources */ = {isa = PBXBuildFile; fileRef = D319D0681B91578A00D0AC51 /* LaunchScreen.xib */; };
		D319D0761B91578A00D0AC51 /* HXAnimationTests.m in Sources */ = {isa = PBXBuildFile; fileRef = D319D0751B91578A00D0AC51 /* HXAnimationTests.m */; };
/* End PBXBuildFile section */

/* Begin PBXContainerItemProxy section */
		D319D0701B91578A00D0AC51 /* PBXContainerItemProxy */ = {
			isa = PBXContainerItemProxy;
			containerPortal = D319D04E1B91578A00D0AC51 /* Project object */;
			proxyType = 1;
			remoteGlobalIDString = D319D0551B91578A00D0AC51;
			remoteInfo = HXAnimation;
		};
/* End PBXContainerItemProxy section */

/* Begin PBXFileReference section */
		D319D0561B91578A00D0AC51 /* HXAnimation.app */ = {isa = PBXFileReference; explicitFileType = wrapper.application; includeInIndex = 0; path = HXAnimation.app; sourceTree = BUILT_PRODUCTS_DIR; };
		D319D05A1B91578A00D0AC51 /* Info.plist */ = {isa = PBXFileReference; lastKnownFileType = text.plist.xml; path = Info.plist; sourceTree = "<group>"; };
		D319D05B1B91578A00D0AC51 /* main.m */ = {isa = PBXFileReference; lastKnownFileType = sourcecode.c.objc; path = main.m; sourceTree = "<group>"; };
		D319D05D1B91578A00D0AC51 /* AppDelegate.h */ = {isa = PBXFileReference; lastKnownFileType = sourcecode.c.h; path = AppDelegate.h; sourceTree = "<group>"; };
		D319D05E1B91578A00D0AC51 /* AppDelegate.m */ = {isa = PBXFileReference; lastKnownFileType = sourcecode.c.objc; path = AppDelegate.m; sourceTree = "<group>"; };
		D319D0601B91578A00D0AC51 /* GameViewController.h */ = {isa = PBXFileReference; lastKnownFileType = sourcecode.c.h; path = GameViewController.h; sourceTree = "<group>"; };
		D319D0611B91578A00D0AC51 /* GameViewController.m */ = {isa = PBXFileReference; lastKnownFileType = sourcecode.c.objc; path = GameViewController.m; sourceTree = "<group>"; };
		D319D0641B91578A00D0AC51 /* Base */ = {isa = PBXFileReference; lastKnownFileType = file.storyboard; name = Base; path = Base.lproj/Main.storyboard; sourceTree = "<group>"; };
		D319D0661B91578A00D0AC51 /* Images.xcassets */ = {isa = PBXFileReference; lastKnownFileType = folder.assetcatalog; path = Images.xcassets; sourceTree = "<group>"; };
		D319D0691B91578A00D0AC51 /* Base */ = {isa = PBXFileReference; lastKnownFileType = file.xib; name = Base; path = Base.lproj/LaunchScreen.xib; sourceTree = "<group>"; };
		D319D06F1B91578A00D0AC51 /* HXAnimationTests.xctest */ = {isa = PBXFileReference; explicitFileType = wrapper.cfbundle; includeInIndex = 0; path = HXAnimationTests.xctest; sourceTree = BUILT_PRODUCTS_DIR; };
		D319D0741B91578A00D0AC51 /* Info.plist */ = {isa = PBXFileReference; lastKnownFileType = text.plist.xml; path = Info.plist; sourceTree = "<group>"; };
		D319D0751B91578A00D0AC51 /* HXAnimationTests.m */ = {isa = PBXFileReference; lastKnownFileType = sourcecode.c.objc; path = HXAnimationTests.m; sourceTree = "<group>"; };
/* End PBXFileReference section */

/* Begin PBXFrameworksBuildPhase section */
		D319D0531B91578A00D0AC51 /* Frameworks */ = {
			isa = PBXFrameworksBuildPhase;
			buildActionMask = 2147483647;
			files = (
			);
			runOnlyForDeploymentPostprocessing = 0;
		};
		D319D06C1B91578A00D0AC51 /* Frameworks */ = {
			isa = PBXFrameworksBuildPhase;
			buildActionMask = 2147483647;
			files = (
			);
			runOnlyForDeploymentPostprocessing = 0;
		};
/* End PBXFrameworksBuildPhase section */

/* Begin PBXGroup section */
		D319D04D1B91578A00D0AC51 = {
			isa = PBXGroup;
			children = (
				D319D0581B91578A00D0AC51 /* HXAnimation */,
				D319D0721B91578A00D0AC51 /* HXAnimationTests */,
				D319D0571B91578A00D0AC51 /* Products */,
			);
			sourceTree = "<group>";
		};
		D319D0571B91578A00D0AC51 /* Products */ = {
			isa = PBXGroup;
			children = (
				D319D0561B91578A00D0AC51 /* HXAnimation.app */,
				D319D06F1B91578A00D0AC51 /* HXAnimationTests.xctest */,
			);
			name = Products;
			sourceTree = "<group>";
		};
		D319D0581B91578A00D0AC51 /* HXAnimation */ = {
			isa = PBXGroup;
			children = (
				D319D05D1B91578A00D0AC51 /* AppDelegate.h */,
				D319D05E1B91578A00D0AC51 /* AppDelegate.m */,
				D319D0601B91578A00D0AC51 /* GameViewController.h */,
				D319D0611B91578A00D0AC51 /* GameViewController.m */,
				D319D0631B91578A00D0AC51 /* Main.storyboard */,
				D319D0661B91578A00D0AC51 /* Images.xcassets */,
				D319D0681B91578A00D0AC51 /* LaunchScreen.xib */,
				D319D0591B91578A00D0AC51 /* Supporting Files */,
			);
			path = HXAnimation;
			sourceTree = "<group>";
		};
		D319D0591B91578A00D0AC51 /* Supporting Files */ = {
			isa = PBXGroup;
			children = (
				D319D05A1B91578A00D0AC51 /* Info.plist */,
				D319D05B1B91578A00D0AC51 /* main.m */,
			);
			name = "Supporting Files";
			sourceTree = "<group>";
		};
		D319D0721B91578A00D0AC51 /* HXAnimationTests */ = {
			isa = PBXGroup;
			children = (
				D319D0751B91578A00D0AC51 /* HXAnimationTests.m */,
				D319D0731B91578A00D0AC51 /* Supporting Files */,
			);
			path = HXAnimationTests;
			sourceTree = "<group>";
		};
		D319D0731B91578A00D0AC51 /* Supporting Files */ = {
			isa = PBXGroup;
			children = (
				D319D0741B91578A00D0AC51 /* Info.plist */,
			);
			name = "Supporting Files";
			sourceTree = "<group>";
		};
/* End PBXGroup section */

/* Begin PBXNativeTarget section */
		D319D0551B91578A00D0AC51 /* HXAnimation */ = {
			isa = PBXNativeTarget;
			buildConfigurationList = D319D0791B91578A00D0AC51 /* Build configuration list for PBXNativeTarget "HXAnimation" */;
			buildPhases = (
				D319D0521B91578A00D0AC51 /* Sources */,
				D319D0531B91578A00D0AC51 /* Frameworks */,
				D319D0541B91578A00D0AC51 /* Resources */,
			);
			buildRules = (
			);
			dependencies = (
			);
			name = HXAnimation;
			productName = HXAnimation;
			productReference = D319D0561B91578A00D0AC51 /* HXAnimation.app */;
			productType = "com.apple.product-type.application";
		};
		D319D06E1B91578A00D0AC51 /* HXAnimationTests */ = {
			isa = PBXNativeTarget;
			buildConfigurationList = D319D07C1B91578A00D0AC51 /* Build configuration list for PBXNativeTarget "HXAnimationTests" */;
			buildPhases = (
				D319D06B1B91578A00D0AC51 /* Sources */,
				D319D06C1B91578A00D0AC51 /* Frameworks */,
				D319D06D1B91578A00D0AC51 /* Resources */,
			);
			buildRules = (
			);
			dependencies = (
				D319D0711B91578A00D0AC51 /* PBXTargetDependency */,
			);
			name = HXAnimationTests;
			productName = HXAnimationTests;
			productReference = D319D06F1B91578A00D0AC51 /* HXAnimationTests.xctest */;
			productType = "com.apple.product-type.bundle.unit-test";
		};
/* End PBXNativeTarget section */

/* Begin PBXProject section */
		D319D04E1B91578A00D0AC51 /* Project object */ = {
			isa = PBXProject;
			attributes = {
				LastUpgradeCheck = 0640;
				ORGANIZATIONNAME = "Xin Hong";
				TargetAttributes = {
					D319D0551B91578A00D0AC51 = {
						CreatedOnToolsVersion = 6.4;
					};
					D319D06E1B91578A00D0AC51 = {
						CreatedOnToolsVersion = 6.4;
						TestTargetID = D319D0551B91578A00D0AC51;
					};
				};
			};
			buildConfigurationList = D319D0511B91578A00D0AC51 /* Build configuration list for PBXProject "HXAnimation" */;
			compatibilityVersion = "Xcode 3.2";
			developmentRegion = English;
			hasScannedForEncodings = 0;
			knownRegions = (
				en,
				Base,
			);
			mainGroup = D319D04D1B91578A00D0AC51;
			productRefGroup = D319D0571B91578A00D0AC51 /* Products */;
			projectDirPath = "";
			projectRoot = "";
			targets = (
				D319D0551B91578A00D0AC51 /* HXAnimation */,
				D319D06E1B91578A00D0AC51 /* HXAnimationTests */,
			);
		};
/* End PBXProject section */

/* Begin PBXResourcesBuildPhase section */
		D319D0541B91578A00D0AC51 /* Resources */ = {
			isa = PBXResourcesBuildPhase;
			buildActionMask = 2147483647;
			files = (
				D319D0651B91578A00D0AC51 /* Main.storyboard in Resources */,
				D319D06A1B91578A00D0AC51 /* LaunchScreen.xib in Resources */,
				D319D0671B91578A00D0AC51 /* Images.xcassets in Resources */,
			);
			runOnlyForDeploymentPostprocessing = 0;
		};
		D319D06D1B91578A00D0AC51 /* Resources */ = {
			isa = PBXResourcesBuildPhase;
			buildActionMask = 2147483647;
			files = (
			);
			runOnlyForDeploymentPostprocessing = 0;
		};
/* End PBXResourcesBuildPhase section */

/* Begin PBXSourcesBuildPhase section */
		D319D0521B91578A00D0AC51 /* Sources */ = {
			isa = PBXSourcesBuildPhase;
			buildActionMask = 2147483647;
			files = (
				D319D0621B91578A00D0AC51 /* GameViewController.m in Sources */,
				D319D05F1B91578A00D0AC51 /* AppDelegate.m in Sources */,
				D319D05C1B91578A00D0AC51 /* main.m in Sources */,
			);
			runOnlyForDeploymentPostprocessing = 0;
		};
		D319D06B1B91578A00D0AC51 /* Sources */ = {
			isa = PBXSourcesBuildPhase;
			buildActionMask = 2147483647;
			files = (
				D319D0761B91578A00D0AC51 /* HXAnimationTests.m in Sources */,
			);
			runOnlyForDeploymentPostprocessing = 0;
		};
/* End PBXSourcesBuildPhase section */

/* Begin PBXTargetDependency section */
		D319D0711B91578A00D0AC51 /* PBXTargetDependency */ = {
			isa = PBXTargetDependency;
			target = D319D0551B91578A00D0AC51 /* HXAnimation */;
			targetProxy = D319D0701B91578A00D0AC51 /* PBXContainerItemProxy */;
		};
/* End PBXTargetDependency section */

/* Begin PBXVariantGroup section */
		D319D0631B91578A00D0AC51 /* Main.storyboard */ = {
			isa = PBXVariantGroup;
			children = (
				D319D0641B91578A00D0AC51 /* Base */,
			);
			name = Main.storyboard;
			sourceTree = "<group>";
		};
		D319D0681B91578A00D0AC51 /* LaunchScreen.xib */ = {
			isa = PBXVariantGroup;
			children = (
				D319D0691B91578A00D0AC51 /* Base */,
			);
			name = LaunchScreen.xib;
			sourceTree = "<group>";
		};
/* End PBXVariantGroup section */

/* Begin XCBuildConfiguration section */
		D319D0771B91578A00D0AC51 /* Debug */ = {
			isa = XCBuildConfiguration;
			buildSettings = {
				ALWAYS_SEARCH_USER_PATHS = NO;
				CLANG_CXX_LANGUAGE_STANDARD = "gnu++0x";
				CLANG_CXX_LIBRARY = "libc++";
				CLANG_ENABLE_MODULES = YES;
				CLANG_ENABLE_OBJC_ARC = YES;
				CLANG_WARN_BOOL_CONVERSION = YES;
				CLANG_WARN_CONSTANT_CONVERSION = YES;
				CLANG_WARN_DIRECT_OBJC_ISA_USAGE = YES_ERROR;
				CLANG_WARN_EMPTY_BODY = YES;
				CLANG_WARN_ENUM_CONVERSION = YES;
				CLANG_WARN_INT_CONVERSION = YES;
				CLANG_WARN_OBJC_ROOT_CLASS = YES_ERROR;
				CLANG_WARN_UNREACHABLE_CODE = YES;
				CLANG_WARN__DUPLICATE_METHOD_MATCH = YES;
				"CODE_SIGN_IDENTITY[sdk=iphoneos*]" = "iPhone Developer";
				COPY_PHASE_STRIP = NO;
				DEBUG_INFORMATION_FORMAT = "dwarf-with-dsym";
				ENABLE_STRICT_OBJC_MSGSEND = YES;
				GCC_C_LANGUAGE_STANDARD = gnu99;
				GCC_DYNAMIC_NO_PIC = NO;
				GCC_NO_COMMON_BLOCKS = YES;
				GCC_OPTIMIZATION_LEVEL = 0;
				GCC_PREPROCESSOR_DEFINITIONS = (
					"DEBUG=1",
					"$(inherited)",
				);
				GCC_SYMBOLS_PRIVATE_EXTERN = NO;
				GCC_WARN_64_TO_32_BIT_CONVERSION = YES;
				GCC_WARN_ABOUT_RETURN_TYPE = YES_ERROR;
				GCC_WARN_UNDECLARED_SELECTOR = YES;
				GCC_WARN_UNINITIALIZED_AUTOS = YES_AGGRESSIVE;
				GCC_WARN_UNUSED_FUNCTION = YES;
				GCC_WARN_UNUSED_VARIABLE = YES;
				IPHONEOS_DEPLOYMENT_TARGET = 8.4;
				MTL_ENABLE_DEBUG_INFO = YES;
				ONLY_ACTIVE_ARCH = YES;
				SDKROOT = iphoneos;
				TARGETED_DEVICE_FAMILY = 2;
			};
			name = Debug;
		};
		D319D0781B91578A00D0AC51 /* Release */ = {
			isa = XCBuildConfiguration;
			buildSettings = {
				ALWAYS_SEARCH_USER_PATHS = NO;
				CLANG_CXX_LANGUAGE_STANDARD = "gnu++0x";
				CLANG_CXX_LIBRARY = "libc++";
				CLANG_ENABLE_MODULES = YES;
				CLANG_ENABLE_OBJC_ARC = YES;
				CLANG_WARN_BOOL_CONVERSION = YES;
				CLANG_WARN_CONSTANT_CONVERSION = YES;
				CLANG_WARN_DIRECT_OBJC_ISA_USAGE = YES_ERROR;
				CLANG_WARN_EMPTY_BODY = YES;
				CLANG_WARN_ENUM_CONVERSION = YES;
				CLANG_WARN_INT_CONVERSION = YES;
				CLANG_WARN_OBJC_ROOT_CLASS = YES_ERROR;
				CLANG_WARN_UNREACHABLE_CODE = YES;
				CLANG_WARN__DUPLICATE_METHOD_MATCH = YES;
				"CODE_SIGN_IDENTITY[sdk=iphoneos*]" = "iPhone Developer";
				COPY_PHASE_STRIP = NO;
				DEBUG_INFORMATION_FORMAT = "dwarf-with-dsym";
				ENABLE_NS_ASSERTIONS = NO;
				ENABLE_STRICT_OBJC_MSGSEND = YES;
				GCC_C_LANGUAGE_STANDARD = gnu99;
				GCC_NO_COMMON_BLOCKS = YES;
				GCC_WARN_64_TO_32_BIT_CONVERSION = YES;
				GCC_WARN_ABOUT_RETURN_TYPE = YES_ERROR;
				GCC_WARN_UNDECLARED_SELECTOR = YES;
				GCC_WARN_UNINITIALIZED_AUTOS = YES_AGGRESSIVE;
				GCC_WARN_UNUSED_FUNCTION = YES;
				GCC_WARN_UNUSED_VARIABLE = YES;
				IPHONEOS_DEPLOYMENT_TARGET = 8.4;
				MTL_ENABLE_DEBUG_INFO = NO;
				SDKROOT = iphoneos;
				TARGETED_DEVICE_FAMILY = 2;
				VALIDATE_PRODUCT = YES;
			};
			name = Release;
		};
		D319D07A1B91578A00D0AC51 /* Debug */ = {
			isa = XCBuildConfiguration;
			buildSettings = {
				ASSETCATALOG_COMPILER_APPICON_NAME = AppIcon;
				INFOPLIST_FILE = HXAnimation/Info.plist;
				LD_RUNPATH_SEARCH_PATHS = "$(inherited) @executable_path/Frameworks";
				PRODUCT_NAME = "$(TARGET_NAME)";
			};
			name = Debug;
		};
		D319D07B1B91578A00D0AC51 /* Release */ = {
			isa = XCBuildConfiguration;
			buildSettings = {
				ASSETCATALOG_COMPILER_APPICON_NAME = AppIcon;
				INFOPLIST_FILE = HXAnimation/Info.plist;
				LD_RUNPATH_SEARCH_PATHS = "$(inherited) @executable_path/Frameworks";
				PRODUCT_NAME = "$(TARGET_NAME)";
			};
			name = Release;
		};
		D319D07D1B91578A00D0AC51 /* Debug */ = {
			isa = XCBuildConfiguration;
			buildSettings = {
				BUNDLE_LOADER = "$(TEST_HOST)";
				FRAMEWORK_SEARCH_PATHS = (
					"$(SDKROOT)/Developer/Library/Frameworks",
					"$(inherited)",
				);
				GCC_PREPROCESSOR_DEFINITIONS = (
					"DEBUG=1",
					"$(inherited)",
				);
				INFOPLIST_FILE = HXAnimationTests/Info.plist;
				LD_RUNPATH_SEARCH_PATHS = "$(inherited) @executable_path/Frameworks @loader_path/Frameworks";
				PRODUCT_NAME = "$(TARGET_NAME)";
				TEST_HOST = "$(BUILT_PRODUCTS_DIR)/HXAnimation.app/HXAnimation";
			};
			name = Debug;
		};
		D319D07E1B91578A00D0AC51 /* Release */ = {
			isa = XCBuildConfiguration;
			buildSettings = {
				BUNDLE_LOADER = "$(TEST_HOST)";
				FRAMEWORK_SEARCH_PATHS = (
					"$(SDKROOT)/Developer/Library/Frameworks",
					"$(inherited)",
				);
				INFOPLIST_FILE = HXAnimationTests/Info.plist;
				LD_RUNPATH_SEARCH_PATHS = "$(inherited) @executable_path/Frameworks @loader_path/Frameworks";
				PRODUCT_NAME = "$(TARGET_NAME)";
				TEST_HOST = "$(BUILT_PRODUCTS_DIR)/HXAnimation.app/HXAnimation";
			};
			name = Release;
		};
/* End XCBuildConfiguration section */

/* Begin XCConfigurationList section */
		D319D0511B91578A00D0AC51 /* Build configuration list for PBXProject "HXAnimation" */ = {
			isa = XCConfigurationList;
			buildConfigurations = (
				D319D0771B91578A00D0AC51 /* Debug */,
				D319D0781B91578A00D0AC51 /* Release */,
			);
			defaultConfigurationIsVisible = 0;
			defaultConfigurationName = Release;
		};
		D319D0791B91578A00D0AC51 /* Build configuration list for PBXNativeTarget "HXAnimation" */ = {
			isa = XCConfigurationList;
			buildConfigurations = (
				D319D07A1B91578A00D0AC51 /* Debug */,
				D319D07B1B91578A00D0AC51 /* Release */,
			);
			defaultConfigurationIsVisible = 0;
		};
		D319D07C1B91578A00D0AC51 /* Build configuration list for PBXNativeTarget "HXAnimationTests" */ = {
			isa = XCConfigurationList;
			buildConfigurations = (
				D319D07D1B91578A00D0AC51 /* Debug */,
				D319D07E1B91578A00D0AC51 /* Release */,
			);
			defaultConfigurationIsVisible = 0;
		};
/* End XCConfigurationList section */
	};
	rootObject = D319D04E1B91578A00D0AC51 /* Project object */;
}
